Microsoft Visual Studio Solution File, Format Version 8.00
Project("{8BC9CEB8-8B4A-11D0-8D11-00A0C91BC942}") = "admin_demo", "admin_demo.vcproj", "{86A2BE12-2CF5-4150-B69F-63B2753A7DF4}"
	ProjectSection(ProjectDependencies) = postProject
	EndProjectSection
EndProject
Project("{8BC9CEB8-8B4A-11D0-8D11-00A0C91BC942}") = "libsntl_adminapi_cpp_windows", "..\..\..\..\api\Admin\Cpp\msvc71\libsntl_adminapi_cpp_windows.vcproj", "{4533D76E-7164-4A07-A604-119256CB68D2}"
	ProjectSection(ProjectDependencies) = postProject
	EndProjectSection
EndProject
Global
	GlobalSection(SolutionConfiguration) = preSolution
		Debug = Debug
		Release = Release
	EndGlobalSection
	GlobalSection(ProjectConfiguration) = postSolution
		{86A2BE12-2CF5-4150-B69F-63B2753A7DF4}.Debug.ActiveCfg = Debug|Win32
		{86A2BE12-2CF5-4150-B69F-63B2753A7DF4}.Debug.Build.0 = Debug|Win32
		{86A2BE12-2CF5-4150-B69F-63B2753A7DF4}.Release.ActiveCfg = Release|Win32
		{86A2BE12-2CF5-4150-B69F-63B2753A7DF4}.Release.Build.0 = Release|Win32
		{4533D76E-7164-4A07-A604-119256CB68D2}.Debug.ActiveCfg = Debug|Win32
		{4533D76E-7164-4A07-A604-119256CB68D2}.Debug.Build.0 = Debug|Win32
		{4533D76E-7164-4A07-A604-119256CB68D2}.Release.ActiveCfg = Release|Win32
		{4533D76E-7164-4A07-A604-119256CB68D2}.Release.Build.0 = Release|Win32
	EndGlobalSection
	GlobalSection(ExtensibilityGlobals) = postSolution
	EndGlobalSection
	GlobalSection(ExtensibilityAddIns) = postSolution
	EndGlobalSection
EndGlobal
