Microsoft Visual Studio Solution File, Format Version 9.00
# Visual Studio 2005
Project("{8BC9CEB8-8B4A-11D0-8D11-00A0C91BC942}") = "hasp_update_8", "hasp_update_8.vcproj", "{5600DF77-0E4E-4C29-9970-360EAADE0325}"
	ProjectSection(ProjectDependencies) = postProject
		{84FBCE09-311A-4F9E-814F-28DE0AF97B0D} = {84FBCE09-311A-4F9E-814F-28DE0AF97B0D}
	EndProjectSection
EndProject
Project("{8BC9CEB8-8B4A-11D0-8D11-00A0C91BC942}") = "Sentinel HASP cpp API", "..\..\..\..\API\Runtime\Cpp\msvc8\libhasp_cpp_windows_msc8.vcproj", "{84FBCE09-311A-4F9E-814F-28DE0AF97B0D}"
EndProject
Project("{8BC9CEB8-8B4A-11D0-8D11-00A0C91BC942}") = "hasp_demo_8", "hasp_demo_8.vcproj", "{484CE679-FC5E-4C39-BD15-38418407A783}"
	ProjectSection(ProjectDependencies) = postProject
		{84FBCE09-311A-4F9E-814F-28DE0AF97B0D} = {84FBCE09-311A-4F9E-814F-28DE0AF97B0D}
	EndProjectSection
EndProject
Project("{8BC9CEB8-8B4A-11D0-8D11-00A0C91BC942}") = "admin_demo", "admin_demo.vcproj", "{86A2BE12-2CF5-4150-B69F-63B2753A7DF4}"
EndProject
Project("{8BC9CEB8-8B4A-11D0-8D11-00A0C91BC942}") = "libsntl_adminapi_cpp_windows", "..\..\..\..\api\Admin\Cpp\msvc8\libsntl_adminapi_cpp_windows.vcproj", "{474D83E9-0787-455D-9700-DABFB562CC32}"
	ProjectSection(ProjectDependencies) = postProject
		{84FBCE09-311A-4F9E-814F-28DE0AF97B0D} = {84FBCE09-311A-4F9E-814F-28DE0AF97B0D}
	EndProjectSection
EndProject
Global
	GlobalSection(SolutionConfigurationPlatforms) = preSolution
		Debug Diag LIBMT|Win32 = Debug Diag LIBMT|Win32
		Debug Diag LIBMT|x64 = Debug Diag LIBMT|x64
		Debug Diag LIBMTD|Win32 = Debug Diag LIBMTD|Win32
		Debug Diag LIBMTD|x64 = Debug Diag LIBMTD|x64
		Debug LIBMT|Win32 = Debug LIBMT|Win32
		Debug LIBMT|x64 = Debug LIBMT|x64
		Debug LIBMTD|Win32 = Debug LIBMTD|Win32
		Debug LIBMTD|x64 = Debug LIBMTD|x64
		Debug|Win32 = Debug|Win32
		Debug|x64 = Debug|x64
		Release LIBMT|Win32 = Release LIBMT|Win32
		Release LIBMT|x64 = Release LIBMT|x64
		Release LIBMTD|Win32 = Release LIBMTD|Win32
		Release LIBMTD|x64 = Release LIBMTD|x64
		Release|Win32 = Release|Win32
		Release|x64 = Release|x64
	EndGlobalSection
	GlobalSection(ProjectConfigurationPlatforms) = postSolution
		{5600DF77-0E4E-4C29-9970-360EAADE0325}.Debug Diag LIBMT|Win32.ActiveCfg = Debug|Win32
		{5600DF77-0E4E-4C29-9970-360EAADE0325}.Debug Diag LIBMT|Win32.Build.0 = Debug|Win32
		{5600DF77-0E4E-4C29-9970-360EAADE0325}.Debug Diag LIBMT|x64.ActiveCfg = Debug|x64
		{5600DF77-0E4E-4C29-9970-360EAADE0325}.Debug Diag LIBMT|x64.Build.0 = Debug|x64
		{5600DF77-0E4E-4C29-9970-360EAADE0325}.Debug Diag LIBMTD|Win32.ActiveCfg = Debug|Win32
		{5600DF77-0E4E-4C29-9970-360EAADE0325}.Debug Diag LIBMTD|Win32.Build.0 = Debug|Win32
		{5600DF77-0E4E-4C29-9970-360EAADE0325}.Debug Diag LIBMTD|x64.ActiveCfg = Debug|x64
		{5600DF77-0E4E-4C29-9970-360EAADE0325}.Debug Diag LIBMTD|x64.Build.0 = Debug|x64
		{5600DF77-0E4E-4C29-9970-360EAADE0325}.Debug LIBMT|Win32.ActiveCfg = Debug|Win32
		{5600DF77-0E4E-4C29-9970-360EAADE0325}.Debug LIBMT|Win32.Build.0 = Debug|Win32
		{5600DF77-0E4E-4C29-9970-360EAADE0325}.Debug LIBMT|x64.ActiveCfg = Debug|x64
		{5600DF77-0E4E-4C29-9970-360EAADE0325}.Debug LIBMT|x64.Build.0 = Debug|x64
		{5600DF77-0E4E-4C29-9970-360EAADE0325}.Debug LIBMTD|Win32.ActiveCfg = Debug|Win32
		{5600DF77-0E4E-4C29-9970-360EAADE0325}.Debug LIBMTD|Win32.Build.0 = Debug|Win32
		{5600DF77-0E4E-4C29-9970-360EAADE0325}.Debug LIBMTD|x64.ActiveCfg = Debug|x64
		{5600DF77-0E4E-4C29-9970-360EAADE0325}.Debug LIBMTD|x64.Build.0 = Debug|x64
		{5600DF77-0E4E-4C29-9970-360EAADE0325}.Debug|Win32.ActiveCfg = Debug|Win32
		{5600DF77-0E4E-4C29-9970-360EAADE0325}.Debug|Win32.Build.0 = Debug|Win32
		{5600DF77-0E4E-4C29-9970-360EAADE0325}.Debug|x64.ActiveCfg = Debug|x64
		{5600DF77-0E4E-4C29-9970-360EAADE0325}.Debug|x64.Build.0 = Debug|x64
		{5600DF77-0E4E-4C29-9970-360EAADE0325}.Release LIBMT|Win32.ActiveCfg = Release|Win32
		{5600DF77-0E4E-4C29-9970-360EAADE0325}.Release LIBMT|Win32.Build.0 = Release|Win32
		{5600DF77-0E4E-4C29-9970-360EAADE0325}.Release LIBMT|x64.ActiveCfg = Release|x64
		{5600DF77-0E4E-4C29-9970-360EAADE0325}.Release LIBMT|x64.Build.0 = Release|x64
		{5600DF77-0E4E-4C29-9970-360EAADE0325}.Release LIBMTD|Win32.ActiveCfg = Release|Win32
		{5600DF77-0E4E-4C29-9970-360EAADE0325}.Release LIBMTD|Win32.Build.0 = Release|Win32
		{5600DF77-0E4E-4C29-9970-360EAADE0325}.Release LIBMTD|x64.ActiveCfg = Release|x64
		{5600DF77-0E4E-4C29-9970-360EAADE0325}.Release LIBMTD|x64.Build.0 = Release|x64
		{5600DF77-0E4E-4C29-9970-360EAADE0325}.Release|Win32.ActiveCfg = Release|Win32
		{5600DF77-0E4E-4C29-9970-360EAADE0325}.Release|Win32.Build.0 = Release|Win32
		{5600DF77-0E4E-4C29-9970-360EAADE0325}.Release|x64.ActiveCfg = Release|x64
		{5600DF77-0E4E-4C29-9970-360EAADE0325}.Release|x64.Build.0 = Release|x64
		{84FBCE09-311A-4F9E-814F-28DE0AF97B0D}.Debug Diag LIBMT|Win32.ActiveCfg = Debug Diag LIBMTD|Win32
		{84FBCE09-311A-4F9E-814F-28DE0AF97B0D}.Debug Diag LIBMT|Win32.Build.0 = Debug Diag LIBMTD|Win32
		{84FBCE09-311A-4F9E-814F-28DE0AF97B0D}.Debug Diag LIBMT|x64.ActiveCfg = Debug Diag LIBMTD|x64
		{84FBCE09-311A-4F9E-814F-28DE0AF97B0D}.Debug Diag LIBMT|x64.Build.0 = Debug Diag LIBMTD|x64
		{84FBCE09-311A-4F9E-814F-28DE0AF97B0D}.Debug Diag LIBMTD|Win32.ActiveCfg = Debug Diag LIBMTD|Win32
		{84FBCE09-311A-4F9E-814F-28DE0AF97B0D}.Debug Diag LIBMTD|Win32.Build.0 = Debug Diag LIBMTD|Win32
		{84FBCE09-311A-4F9E-814F-28DE0AF97B0D}.Debug Diag LIBMTD|x64.ActiveCfg = Debug Diag LIBMTD|x64
		{84FBCE09-311A-4F9E-814F-28DE0AF97B0D}.Debug Diag LIBMTD|x64.Build.0 = Debug Diag LIBMTD|x64
		{84FBCE09-311A-4F9E-814F-28DE0AF97B0D}.Debug LIBMT|Win32.ActiveCfg = Debug LIBMT|Win32
		{84FBCE09-311A-4F9E-814F-28DE0AF97B0D}.Debug LIBMT|Win32.Build.0 = Debug LIBMT|Win32
		{84FBCE09-311A-4F9E-814F-28DE0AF97B0D}.Debug LIBMT|x64.ActiveCfg = Debug LIBMT|x64
		{84FBCE09-311A-4F9E-814F-28DE0AF97B0D}.Debug LIBMT|x64.Build.0 = Debug LIBMT|x64
		{84FBCE09-311A-4F9E-814F-28DE0AF97B0D}.Debug LIBMTD|Win32.ActiveCfg = Debug LIBMTD|Win32
		{84FBCE09-311A-4F9E-814F-28DE0AF97B0D}.Debug LIBMTD|Win32.Build.0 = Debug LIBMTD|Win32
		{84FBCE09-311A-4F9E-814F-28DE0AF97B0D}.Debug LIBMTD|x64.ActiveCfg = Debug LIBMTD|x64
		{84FBCE09-311A-4F9E-814F-28DE0AF97B0D}.Debug LIBMTD|x64.Build.0 = Debug LIBMTD|x64
		{84FBCE09-311A-4F9E-814F-28DE0AF97B0D}.Debug|Win32.ActiveCfg = Debug Diag LIBMTD|Win32
		{84FBCE09-311A-4F9E-814F-28DE0AF97B0D}.Debug|Win32.Build.0 = Debug Diag LIBMTD|Win32
		{84FBCE09-311A-4F9E-814F-28DE0AF97B0D}.Debug|x64.ActiveCfg = Debug Diag LIBMTD|x64
		{84FBCE09-311A-4F9E-814F-28DE0AF97B0D}.Debug|x64.Build.0 = Debug Diag LIBMTD|x64
		{84FBCE09-311A-4F9E-814F-28DE0AF97B0D}.Release LIBMT|Win32.ActiveCfg = Release LIBMT|Win32
		{84FBCE09-311A-4F9E-814F-28DE0AF97B0D}.Release LIBMT|Win32.Build.0 = Release LIBMT|Win32
		{84FBCE09-311A-4F9E-814F-28DE0AF97B0D}.Release LIBMT|x64.ActiveCfg = Release LIBMT|x64
		{84FBCE09-311A-4F9E-814F-28DE0AF97B0D}.Release LIBMT|x64.Build.0 = Release LIBMT|x64
		{84FBCE09-311A-4F9E-814F-28DE0AF97B0D}.Release LIBMTD|Win32.ActiveCfg = Release LIBMTD|Win32
		{84FBCE09-311A-4F9E-814F-28DE0AF97B0D}.Release LIBMTD|Win32.Build.0 = Release LIBMTD|Win32
		{84FBCE09-311A-4F9E-814F-28DE0AF97B0D}.Release LIBMTD|x64.ActiveCfg = Release LIBMTD|x64
		{84FBCE09-311A-4F9E-814F-28DE0AF97B0D}.Release LIBMTD|x64.Build.0 = Release LIBMTD|x64
		{84FBCE09-311A-4F9E-814F-28DE0AF97B0D}.Release|Win32.ActiveCfg = Release LIBMT|Win32
		{84FBCE09-311A-4F9E-814F-28DE0AF97B0D}.Release|Win32.Build.0 = Release LIBMT|Win32
		{84FBCE09-311A-4F9E-814F-28DE0AF97B0D}.Release|x64.ActiveCfg = Release LIBMT|x64
		{84FBCE09-311A-4F9E-814F-28DE0AF97B0D}.Release|x64.Build.0 = Release LIBMT|x64
		{484CE679-FC5E-4C39-BD15-38418407A783}.Debug Diag LIBMT|Win32.ActiveCfg = Debug|Win32
		{484CE679-FC5E-4C39-BD15-38418407A783}.Debug Diag LIBMT|Win32.Build.0 = Debug|Win32
		{484CE679-FC5E-4C39-BD15-38418407A783}.Debug Diag LIBMT|x64.ActiveCfg = Debug|x64
		{484CE679-FC5E-4C39-BD15-38418407A783}.Debug Diag LIBMT|x64.Build.0 = Debug|x64
		{484CE679-FC5E-4C39-BD15-38418407A783}.Debug Diag LIBMTD|Win32.ActiveCfg = Debug|Win32
		{484CE679-FC5E-4C39-BD15-38418407A783}.Debug Diag LIBMTD|Win32.Build.0 = Debug|Win32
		{484CE679-FC5E-4C39-BD15-38418407A783}.Debug Diag LIBMTD|x64.ActiveCfg = Debug|x64
		{484CE679-FC5E-4C39-BD15-38418407A783}.Debug Diag LIBMTD|x64.Build.0 = Debug|x64
		{484CE679-FC5E-4C39-BD15-38418407A783}.Debug LIBMT|Win32.ActiveCfg = Debug|Win32
		{484CE679-FC5E-4C39-BD15-38418407A783}.Debug LIBMT|Win32.Build.0 = Debug|Win32
		{484CE679-FC5E-4C39-BD15-38418407A783}.Debug LIBMT|x64.ActiveCfg = Debug|x64
		{484CE679-FC5E-4C39-BD15-38418407A783}.Debug LIBMT|x64.Build.0 = Debug|x64
		{484CE679-FC5E-4C39-BD15-38418407A783}.Debug LIBMTD|Win32.ActiveCfg = Debug|Win32
		{484CE679-FC5E-4C39-BD15-38418407A783}.Debug LIBMTD|Win32.Build.0 = Debug|Win32
		{484CE679-FC5E-4C39-BD15-38418407A783}.Debug LIBMTD|x64.ActiveCfg = Debug|x64
		{484CE679-FC5E-4C39-BD15-38418407A783}.Debug LIBMTD|x64.Build.0 = Debug|x64
		{484CE679-FC5E-4C39-BD15-38418407A783}.Debug|Win32.ActiveCfg = Debug|Win32
		{484CE679-FC5E-4C39-BD15-38418407A783}.Debug|Win32.Build.0 = Debug|Win32
		{484CE679-FC5E-4C39-BD15-38418407A783}.Debug|x64.ActiveCfg = Debug|x64
		{484CE679-FC5E-4C39-BD15-38418407A783}.Debug|x64.Build.0 = Debug|x64
		{484CE679-FC5E-4C39-BD15-38418407A783}.Release LIBMT|Win32.ActiveCfg = Release|Win32
		{484CE679-FC5E-4C39-BD15-38418407A783}.Release LIBMT|Win32.Build.0 = Release|Win32
		{484CE679-FC5E-4C39-BD15-38418407A783}.Release LIBMT|x64.ActiveCfg = Release|x64
		{484CE679-FC5E-4C39-BD15-38418407A783}.Release LIBMT|x64.Build.0 = Release|x64
		{484CE679-FC5E-4C39-BD15-38418407A783}.Release LIBMTD|Win32.ActiveCfg = Release|Win32
		{484CE679-FC5E-4C39-BD15-38418407A783}.Release LIBMTD|Win32.Build.0 = Release|Win32
		{484CE679-FC5E-4C39-BD15-38418407A783}.Release LIBMTD|x64.ActiveCfg = Release|x64
		{484CE679-FC5E-4C39-BD15-38418407A783}.Release LIBMTD|x64.Build.0 = Release|x64
		{484CE679-FC5E-4C39-BD15-38418407A783}.Release|Win32.ActiveCfg = Release|Win32
		{484CE679-FC5E-4C39-BD15-38418407A783}.Release|Win32.Build.0 = Release|Win32
		{484CE679-FC5E-4C39-BD15-38418407A783}.Release|x64.ActiveCfg = Release|x64
		{484CE679-FC5E-4C39-BD15-38418407A783}.Release|x64.Build.0 = Release|x64
		{86A2BE12-2CF5-4150-B69F-63B2753A7DF4}.Debug Diag LIBMT|Win32.ActiveCfg = Debug|Win32
		{86A2BE12-2CF5-4150-B69F-63B2753A7DF4}.Debug Diag LIBMT|Win32.Build.0 = Debug|Win32
		{86A2BE12-2CF5-4150-B69F-63B2753A7DF4}.Debug Diag LIBMT|x64.ActiveCfg = Debug|x64
		{86A2BE12-2CF5-4150-B69F-63B2753A7DF4}.Debug Diag LIBMT|x64.Build.0 = Debug|x64
		{86A2BE12-2CF5-4150-B69F-63B2753A7DF4}.Debug Diag LIBMTD|Win32.ActiveCfg = Debug|Win32
		{86A2BE12-2CF5-4150-B69F-63B2753A7DF4}.Debug Diag LIBMTD|Win32.Build.0 = Debug|Win32
		{86A2BE12-2CF5-4150-B69F-63B2753A7DF4}.Debug Diag LIBMTD|x64.ActiveCfg = Debug|x64
		{86A2BE12-2CF5-4150-B69F-63B2753A7DF4}.Debug Diag LIBMTD|x64.Build.0 = Debug|x64
		{86A2BE12-2CF5-4150-B69F-63B2753A7DF4}.Debug LIBMT|Win32.ActiveCfg = Debug|Win32
		{86A2BE12-2CF5-4150-B69F-63B2753A7DF4}.Debug LIBMT|Win32.Build.0 = Debug|Win32
		{86A2BE12-2CF5-4150-B69F-63B2753A7DF4}.Debug LIBMT|x64.ActiveCfg = Debug|x64
		{86A2BE12-2CF5-4150-B69F-63B2753A7DF4}.Debug LIBMT|x64.Build.0 = Debug|x64
		{86A2BE12-2CF5-4150-B69F-63B2753A7DF4}.Debug LIBMTD|Win32.ActiveCfg = Debug|Win32
		{86A2BE12-2CF5-4150-B69F-63B2753A7DF4}.Debug LIBMTD|Win32.Build.0 = Debug|Win32
		{86A2BE12-2CF5-4150-B69F-63B2753A7DF4}.Debug LIBMTD|x64.ActiveCfg = Debug|x64
		{86A2BE12-2CF5-4150-B69F-63B2753A7DF4}.Debug LIBMTD|x64.Build.0 = Debug|x64
		{86A2BE12-2CF5-4150-B69F-63B2753A7DF4}.Debug|Win32.ActiveCfg = Debug|Win32
		{86A2BE12-2CF5-4150-B69F-63B2753A7DF4}.Debug|Win32.Build.0 = Debug|Win32
		{86A2BE12-2CF5-4150-B69F-63B2753A7DF4}.Debug|x64.ActiveCfg = Debug|x64
		{86A2BE12-2CF5-4150-B69F-63B2753A7DF4}.Debug|x64.Build.0 = Debug|x64
		{86A2BE12-2CF5-4150-B69F-63B2753A7DF4}.Release LIBMT|Win32.ActiveCfg = Release|Win32
		{86A2BE12-2CF5-4150-B69F-63B2753A7DF4}.Release LIBMT|Win32.Build.0 = Release|Win32
		{86A2BE12-2CF5-4150-B69F-63B2753A7DF4}.Release LIBMT|x64.ActiveCfg = Release|x64
		{86A2BE12-2CF5-4150-B69F-63B2753A7DF4}.Release LIBMTD|Win32.ActiveCfg = Release|Win32
		{86A2BE12-2CF5-4150-B69F-63B2753A7DF4}.Release LIBMTD|Win32.Build.0 = Release|Win32
		{86A2BE12-2CF5-4150-B69F-63B2753A7DF4}.Release LIBMTD|x64.ActiveCfg = Release|x64
		{86A2BE12-2CF5-4150-B69F-63B2753A7DF4}.Release LIBMTD|x64.Build.0 = Release|x64
		{86A2BE12-2CF5-4150-B69F-63B2753A7DF4}.Release|Win32.ActiveCfg = Release|Win32
		{86A2BE12-2CF5-4150-B69F-63B2753A7DF4}.Release|Win32.Build.0 = Release|Win32
		{86A2BE12-2CF5-4150-B69F-63B2753A7DF4}.Release|x64.ActiveCfg = Release|x64
		{86A2BE12-2CF5-4150-B69F-63B2753A7DF4}.Release|x64.Build.0 = Release|x64
		{474D83E9-0787-455D-9700-DABFB562CC32}.Debug Diag LIBMT|Win32.ActiveCfg = Debug|Win32
		{474D83E9-0787-455D-9700-DABFB562CC32}.Debug Diag LIBMT|Win32.Build.0 = Debug|Win32
		{474D83E9-0787-455D-9700-DABFB562CC32}.Debug Diag LIBMT|x64.ActiveCfg = Debug|x64
		{474D83E9-0787-455D-9700-DABFB562CC32}.Debug Diag LIBMT|x64.Build.0 = Debug|x64
		{474D83E9-0787-455D-9700-DABFB562CC32}.Debug Diag LIBMTD|Win32.ActiveCfg = Debug|Win32
		{474D83E9-0787-455D-9700-DABFB562CC32}.Debug Diag LIBMTD|Win32.Build.0 = Debug|Win32
		{474D83E9-0787-455D-9700-DABFB562CC32}.Debug Diag LIBMTD|x64.ActiveCfg = Debug|x64
		{474D83E9-0787-455D-9700-DABFB562CC32}.Debug Diag LIBMTD|x64.Build.0 = Debug|x64
		{474D83E9-0787-455D-9700-DABFB562CC32}.Debug LIBMT|Win32.ActiveCfg = Debug|Win32
		{474D83E9-0787-455D-9700-DABFB562CC32}.Debug LIBMT|Win32.Build.0 = Debug|Win32
		{474D83E9-0787-455D-9700-DABFB562CC32}.Debug LIBMT|x64.ActiveCfg = Debug|x64
		{474D83E9-0787-455D-9700-DABFB562CC32}.Debug LIBMT|x64.Build.0 = Debug|x64
		{474D83E9-0787-455D-9700-DABFB562CC32}.Debug LIBMTD|Win32.ActiveCfg = Debug|Win32
		{474D83E9-0787-455D-9700-DABFB562CC32}.Debug LIBMTD|Win32.Build.0 = Debug|Win32
		{474D83E9-0787-455D-9700-DABFB562CC32}.Debug LIBMTD|x64.ActiveCfg = Debug|x64
		{474D83E9-0787-455D-9700-DABFB562CC32}.Debug LIBMTD|x64.Build.0 = Debug|x64
		{474D83E9-0787-455D-9700-DABFB562CC32}.Debug|Win32.ActiveCfg = Debug|Win32
		{474D83E9-0787-455D-9700-DABFB562CC32}.Debug|Win32.Build.0 = Debug|Win32
		{474D83E9-0787-455D-9700-DABFB562CC32}.Debug|x64.ActiveCfg = Debug|x64
		{474D83E9-0787-455D-9700-DABFB562CC32}.Debug|x64.Build.0 = Debug|x64
		{474D83E9-0787-455D-9700-DABFB562CC32}.Release LIBMT|Win32.ActiveCfg = Release|Win32
		{474D83E9-0787-455D-9700-DABFB562CC32}.Release LIBMT|Win32.Build.0 = Release|Win32
		{474D83E9-0787-455D-9700-DABFB562CC32}.Release LIBMT|x64.ActiveCfg = Release|x64
		{474D83E9-0787-455D-9700-DABFB562CC32}.Release LIBMTD|Win32.ActiveCfg = Release|Win32
		{474D83E9-0787-455D-9700-DABFB562CC32}.Release LIBMTD|Win32.Build.0 = Release|Win32
		{474D83E9-0787-455D-9700-DABFB562CC32}.Release LIBMTD|x64.ActiveCfg = Release|x64
		{474D83E9-0787-455D-9700-DABFB562CC32}.Release LIBMTD|x64.Build.0 = Release|x64
		{474D83E9-0787-455D-9700-DABFB562CC32}.Release|Win32.ActiveCfg = Release|Win32
		{474D83E9-0787-455D-9700-DABFB562CC32}.Release|Win32.Build.0 = Release|Win32
		{474D83E9-0787-455D-9700-DABFB562CC32}.Release|x64.ActiveCfg = Release|x64
		{474D83E9-0787-455D-9700-DABFB562CC32}.Release|x64.Build.0 = Release|x64
	EndGlobalSection
	GlobalSection(SolutionProperties) = preSolution
		HideSolutionNode = FALSE
	EndGlobalSection
EndGlobal
