
Microsoft Visual Studio Solution File, Format Version 12.00
# Visual Studio 14
VisualStudioVersion = 14.0.25420.1
MinimumVisualStudioVersion = 10.0.40219.1
Project("{FAE04EC0-301F-11D3-BF4B-00C04F79EFBC}") = "DongleManger", "DongleManger.csproj", "{EA9C39AE-5AED-4D0C-9CFA-7ECB6C4FAFBE}"
EndProject
Project("{FAE04EC0-301F-11D3-BF4B-00C04F79EFBC}") = "DongleManagerLib", "..\DongleManagerLib\DongleManagerLib.csproj", "{6DADCD56-F13E-4C30-A371-31B942BA4688}"
EndProject
Project("{FAE04EC0-301F-11D3-BF4B-00C04F79EFBC}") = "DongleTool", "..\DongleTool\DongleTool.csproj", "{25BC9C00-1CB7-46B4-89E2-0196D12CB505}"
EndProject
Global
	GlobalSection(SolutionConfigurationPlatforms) = preSolution
		Debug|Any CPU = Debug|Any CPU
		Release|Any CPU = Release|Any CPU
	EndGlobalSection
	GlobalSection(ProjectConfigurationPlatforms) = postSolution
		{EA9C39AE-5AED-4D0C-9CFA-7ECB6C4FAFBE}.Debug|Any CPU.ActiveCfg = Debug|Any CPU
		{EA9C39AE-5AED-4D0C-9CFA-7ECB6C4FAFBE}.Debug|Any CPU.Build.0 = Debug|Any CPU
		{EA9C39AE-5AED-4D0C-9CFA-7ECB6C4FAFBE}.Release|Any CPU.ActiveCfg = Release|Any CPU
		{EA9C39AE-5AED-4D0C-9CFA-7ECB6C4FAFBE}.Release|Any CPU.Build.0 = Release|Any CPU
		{6DADCD56-F13E-4C30-A371-31B942BA4688}.Debug|Any CPU.ActiveCfg = Debug|Any CPU
		{6DADCD56-F13E-4C30-A371-31B942BA4688}.Debug|Any CPU.Build.0 = Debug|Any CPU
		{6DADCD56-F13E-4C30-A371-31B942BA4688}.Release|Any CPU.ActiveCfg = Release|Any CPU
		{6DADCD56-F13E-4C30-A371-31B942BA4688}.Release|Any CPU.Build.0 = Release|Any CPU
		{25BC9C00-1CB7-46B4-89E2-0196D12CB505}.Debug|Any CPU.ActiveCfg = Debug|Any CPU
		{25BC9C00-1CB7-46B4-89E2-0196D12CB505}.Debug|Any CPU.Build.0 = Debug|Any CPU
		{25BC9C00-1CB7-46B4-89E2-0196D12CB505}.Release|Any CPU.ActiveCfg = Release|Any CPU
		{25BC9C00-1CB7-46B4-89E2-0196D12CB505}.Release|Any CPU.Build.0 = Release|Any CPU
	EndGlobalSection
	GlobalSection(SolutionProperties) = preSolution
		HideSolutionNode = FALSE
	EndGlobalSection
EndGlobal
